
Microsoft Visual Studio Solution File, Format Version 12.00
# Visual Studio Version 17
VisualStudioVersion = 17.0.31903.59
MinimumVisualStudioVersion = 10.0.40219.1
Project("{2150E333-8FDC-42A3-9474-1A3956D46DE8}") = "src", "src", "{827E0CD3-B72D-47B6-A68D-7590B98EB39B}"
EndProject
Project("{FAE04EC0-301F-11D3-BF4B-00C04F79EFBC}") = "TravelRequests.Domain", "src\TravelRequests.Domain\TravelRequests.Domain.csproj", "{EFCEB719-8270-4BD4-B108-1737EAFB59EC}"
EndProject
Project("{FAE04EC0-301F-11D3-BF4B-00C04F79EFBC}") = "TravelRequests.Application", "src\TravelRequests.Application\TravelRequests.Application.csproj", "{9437AD3E-C124-42CC-BA8D-642E5C0E9BD9}"
EndProject
Project("{FAE04EC0-301F-11D3-BF4B-00C04F79EFBC}") = "TravelRequests.Infrastructure", "src\TravelRequests.Infrastructure\TravelRequests.Infrastructure.csproj", "{BCE778C1-A58E-484F-9060-71D857EF54E8}"
EndProject
Project("{FAE04EC0-301F-11D3-BF4B-00C04F79EFBC}") = "TravelRequests.Api", "src\TravelRequests.Api\TravelRequests.Api.csproj", "{84784159-4E94-401A-99A7-6ADC3D84923B}"
EndProject
Global
	GlobalSection(SolutionConfigurationPlatforms) = preSolution
		Debug|Any CPU = Debug|Any CPU
		Debug|x64 = Debug|x64
		Debug|x86 = Debug|x86
		Release|Any CPU = Release|Any CPU
		Release|x64 = Release|x64
		Release|x86 = Release|x86
	EndGlobalSection
	GlobalSection(ProjectConfigurationPlatforms) = postSolution
		{EFCEB719-8270-4BD4-B108-1737EAFB59EC}.Debug|Any CPU.ActiveCfg = Debug|Any CPU
		{EFCEB719-8270-4BD4-B108-1737EAFB59EC}.Debug|Any CPU.Build.0 = Debug|Any CPU
		{EFCEB719-8270-4BD4-B108-1737EAFB59EC}.Debug|x64.ActiveCfg = Debug|Any CPU
		{EFCEB719-8270-4BD4-B108-1737EAFB59EC}.Debug|x64.Build.0 = Debug|Any CPU
		{EFCEB719-8270-4BD4-B108-1737EAFB59EC}.Debug|x86.ActiveCfg = Debug|Any CPU
		{EFCEB719-8270-4BD4-B108-1737EAFB59EC}.Debug|x86.Build.0 = Debug|Any CPU
		{EFCEB719-8270-4BD4-B108-1737EAFB59EC}.Release|Any CPU.ActiveCfg = Release|Any CPU
		{EFCEB719-8270-4BD4-B108-1737EAFB59EC}.Release|Any CPU.Build.0 = Release|Any CPU
		{EFCEB719-8270-4BD4-B108-1737EAFB59EC}.Release|x64.ActiveCfg = Release|Any CPU
		{EFCEB719-8270-4BD4-B108-1737EAFB59EC}.Release|x64.Build.0 = Release|Any CPU
		{EFCEB719-8270-4BD4-B108-1737EAFB59EC}.Release|x86.ActiveCfg = Release|Any CPU
		{EFCEB719-8270-4BD4-B108-1737EAFB59EC}.Release|x86.Build.0 = Release|Any CPU
		{9437AD3E-C124-42CC-BA8D-642E5C0E9BD9}.Debug|Any CPU.ActiveCfg = Debug|Any CPU
		{9437AD3E-C124-42CC-BA8D-642E5C0E9BD9}.Debug|Any CPU.Build.0 = Debug|Any CPU
		{9437AD3E-C124-42CC-BA8D-642E5C0E9BD9}.Debug|x64.ActiveCfg = Debug|Any CPU
		{9437AD3E-C124-42CC-BA8D-642E5C0E9BD9}.Debug|x64.Build.0 = Debug|Any CPU
		{9437AD3E-C124-42CC-BA8D-642E5C0E9BD9}.Debug|x86.ActiveCfg = Debug|Any CPU
		{9437AD3E-C124-42CC-BA8D-642E5C0E9BD9}.Debug|x86.Build.0 = Debug|Any CPU
		{9437AD3E-C124-42CC-BA8D-642E5C0E9BD9}.Release|Any CPU.ActiveCfg = Release|Any CPU
		{9437AD3E-C124-42CC-BA8D-642E5C0E9BD9}.Release|Any CPU.Build.0 = Release|Any CPU
		{9437AD3E-C124-42CC-BA8D-642E5C0E9BD9}.Release|x64.ActiveCfg = Release|Any CPU
		{9437AD3E-C124-42CC-BA8D-642E5C0E9BD9}.Release|x64.Build.0 = Release|Any CPU
		{9437AD3E-C124-42CC-BA8D-642E5C0E9BD9}.Release|x86.ActiveCfg = Release|Any CPU
		{9437AD3E-C124-42CC-BA8D-642E5C0E9BD9}.Release|x86.Build.0 = Release|Any CPU
		{BCE778C1-A58E-484F-9060-71D857EF54E8}.Debug|Any CPU.ActiveCfg = Debug|Any CPU
		{BCE778C1-A58E-484F-9060-71D857EF54E8}.Debug|Any CPU.Build.0 = Debug|Any CPU
		{BCE778C1-A58E-484F-9060-71D857EF54E8}.Debug|x64.ActiveCfg = Debug|Any CPU
		{BCE778C1-A58E-484F-9060-71D857EF54E8}.Debug|x64.Build.0 = Debug|Any CPU
		{BCE778C1-A58E-484F-9060-71D857EF54E8}.Debug|x86.ActiveCfg = Debug|Any CPU
		{BCE778C1-A58E-484F-9060-71D857EF54E8}.Debug|x86.Build.0 = Debug|Any CPU
		{BCE778C1-A58E-484F-9060-71D857EF54E8}.Release|Any CPU.ActiveCfg = Release|Any CPU
		{BCE778C1-A58E-484F-9060-71D857EF54E8}.Release|Any CPU.Build.0 = Release|Any CPU
		{BCE778C1-A58E-484F-9060-71D857EF54E8}.Release|x64.ActiveCfg = Release|Any CPU
		{BCE778C1-A58E-484F-9060-71D857EF54E8}.Release|x64.Build.0 = Release|Any CPU
		{BCE778C1-A58E-484F-9060-71D857EF54E8}.Release|x86.ActiveCfg = Release|Any CPU
		{BCE778C1-A58E-484F-9060-71D857EF54E8}.Release|x86.Build.0 = Release|Any CPU
		{84784159-4E94-401A-99A7-6ADC3D84923B}.Debug|Any CPU.ActiveCfg = Debug|Any CPU
		{84784159-4E94-401A-99A7-6ADC3D84923B}.Debug|Any CPU.Build.0 = Debug|Any CPU
		{84784159-4E94-401A-99A7-6ADC3D84923B}.Debug|x64.ActiveCfg = Debug|Any CPU
		{84784159-4E94-401A-99A7-6ADC3D84923B}.Debug|x64.Build.0 = Debug|Any CPU
		{84784159-4E94-401A-99A7-6ADC3D84923B}.Debug|x86.ActiveCfg = Debug|Any CPU
		{84784159-4E94-401A-99A7-6ADC3D84923B}.Debug|x86.Build.0 = Debug|Any CPU
		{84784159-4E94-401A-99A7-6ADC3D84923B}.Release|Any CPU.ActiveCfg = Release|Any CPU
		{84784159-4E94-401A-99A7-6ADC3D84923B}.Release|Any CPU.Build.0 = Release|Any CPU
		{84784159-4E94-401A-99A7-6ADC3D84923B}.Release|x64.ActiveCfg = Release|Any CPU
		{84784159-4E94-401A-99A7-6ADC3D84923B}.Release|x64.Build.0 = Release|Any CPU
		{84784159-4E94-401A-99A7-6ADC3D84923B}.Release|x86.ActiveCfg = Release|Any CPU
		{84784159-4E94-401A-99A7-6ADC3D84923B}.Release|x86.Build.0 = Release|Any CPU
	EndGlobalSection
	GlobalSection(SolutionProperties) = preSolution
		HideSolutionNode = FALSE
	EndGlobalSection
	GlobalSection(NestedProjects) = preSolution
		{EFCEB719-8270-4BD4-B108-1737EAFB59EC} = {827E0CD3-B72D-47B6-A68D-7590B98EB39B}
		{9437AD3E-C124-42CC-BA8D-642E5C0E9BD9} = {827E0CD3-B72D-47B6-A68D-7590B98EB39B}
		{BCE778C1-A58E-484F-9060-71D857EF54E8} = {827E0CD3-B72D-47B6-A68D-7590B98EB39B}
		{84784159-4E94-401A-99A7-6ADC3D84923B} = {827E0CD3-B72D-47B6-A68D-7590B98EB39B}
	EndGlobalSection
EndGlobal
